# This file is autogenerated, do not edit; changes may be undone by the next 'dep ensure'.


[[projects]]
  digest = "1:4cb899c825dcca7d8b6fcf6ce6b125daef4a2fa890418eb7107b06137afbe481"
  name = "github.com/moesif/moesifapi-go"
  packages = [
    ".",
    "models",
  ]
  pruneopts = "UT"
  revision = "a3abeea6a3d3123fc665d7415c27c44ffbfa7c99"
  version = "v1.0.6"

[[projects]]
  digest = "1:3e7da96529d00d6d975df21bdc10f26ff31b5d79878c4ed737a12fc79c46095e"
  name = "github.com/moesif/moesifmiddleware-go"
  packages = ["."]
  pruneopts = "UT"
  revision = "3183404a11bfb3ad7f30999db2f43ec9ca773395"
  version = "v1.0.9"

[[projects]]
  branch = "master"
  digest = "1:f29edf6c20152a51091d570d961337d1580b1b5e324b28b1a5463f8153c79fe3"
  name = "github.com/moesif/moesifmiddleware-go-example"
  packages = ["moesif_options"]
  pruneopts = "UT"
  revision = "4892b36c40eff82c1c729c0b26c9e3ced44b029c"

[[projects]]
  branch = "master"
  digest = "1:f8b491a7c25030a895a0e579742d07136e6958e77ef2d46e769db8eec4e58fcd"
  name = "golang.org/x/net"
  packages = [
    "context",
    "context/ctxhttp",
  ]
  pruneopts = "UT"
  revision = "5f4716e94777e714bc2fb3e3a44599cb40817aac"

[solve-meta]
  analyzer-name = "dep"
  analyzer-version = 1
  input-imports = [
    "github.com/moesif/moesifapi-go/models",
    "github.com/moesif/moesifmiddleware-go",
    "github.com/moesif/moesifmiddleware-go-example/moesif_options",
  ]
  solver-name = "gps-cdcl"
  solver-version = 1
