# This file is autogenerated, do not edit; changes may be undone by the next 'dep ensure'.


[[projects]]
  digest = "1:9f870f2e8d1ed5690703df16c9608516dba226ecb5c808d58a0db46a6a7b5059"
  name = "github.com/moesif/moesifapi-go"
  packages = [
    ".",
    "models",
  ]
  pruneopts = "UT"
  revision = "5707e881a41db7abb0a0095bba9b3c2ce1faf701"
  version = "v1.0.3"

[[projects]]
  digest = "1:0987530fe447c610ceee5e808f9593b3dfe3f941a27390451330788df298ea24"
  name = "github.com/moesif/moesifmiddleware-go"
  packages = ["."]
  pruneopts = "UT"
  revision = "f5e3faca16c1407029d0661853457bad4c08d34f"
  version = "v1.0.5"

[[projects]]
  branch = "master"
  digest = "1:f8b491a7c25030a895a0e579742d07136e6958e77ef2d46e769db8eec4e58fcd"
  name = "golang.org/x/net"
  packages = [
    "context",
    "context/ctxhttp",
  ]
  pruneopts = "UT"
  revision = "16171245cfb220d5317888b716d69c1fb4e7992b"

[solve-meta]
  analyzer-name = "dep"
  analyzer-version = 1
  input-imports = [
    "github.com/moesif/moesifapi-go/models",
    "github.com/moesif/moesifmiddleware-go",
  ]
  solver-name = "gps-cdcl"
  solver-version = 1
